
Microsoft Visual Studio Solution File, Format Version 12.00
# Visual Studio Version 17
VisualStudioVersion = 17.3.32901.215
MinimumVisualStudioVersion = 10.0.40219.1
Project("{FAE04EC0-301F-11D3-BF4B-00C04F79EFBC}") = "hipotenüs-777", "hipotenüs-777\hipotenüs-777.csproj", "{1780E008-74D7-47E1-8ACE-EBA74E7D2005}"
EndProject
Global
	GlobalSection(SolutionConfigurationPlatforms) = preSolution
		Debug|Any CPU = Debug|Any CPU
		Release|Any CPU = Release|Any CPU
	EndGlobalSection
	GlobalSection(ProjectConfigurationPlatforms) = postSolution
		{1780E008-74D7-47E1-8ACE-EBA74E7D2005}.Debug|Any CPU.ActiveCfg = Debug|Any CPU
		{1780E008-74D7-47E1-8ACE-EBA74E7D2005}.Debug|Any CPU.Build.0 = Debug|Any CPU
		{1780E008-74D7-47E1-8ACE-EBA74E7D2005}.Release|Any CPU.ActiveCfg = Release|Any CPU
		{1780E008-74D7-47E1-8ACE-EBA74E7D2005}.Release|Any CPU.Build.0 = Release|Any CPU
	EndGlobalSection
	GlobalSection(SolutionProperties) = preSolution
		HideSolutionNode = FALSE
	EndGlobalSection
	GlobalSection(ExtensibilityGlobals) = postSolution
		SolutionGuid = {14AFBB9A-A608-472F-B249-88D35A319710}
	EndGlobalSection
EndGlobal
